// !$*UTF8*$!
{
	archiveVersion = 1;
	classes = {
	};
	objectVersion = 56;
	objects = {

/* Begin PBXBuildFile section */
		20A7F0E62C25B23800E3D8C5 /* PostView.swift in Sources */ = {isa = PBXBuildFile; fileRef = 20A7F0E52C25B23800E3D8C5 /* PostView.swift */; };
		20A7F0E82C25BA8F00E3D8C5 /* NavbarView.swift in Sources */ = {isa = PBXBuildFile; fileRef = 20A7F0E72C25BA8F00E3D8C5 /* NavbarView.swift */; };
		20E7B35B2C25318A008531D8 /* Project2_CloningInstagramHomePageApp.swift in Sources */ = {isa = PBXBuildFile; fileRef = 20E7B35A2C25318A008531D8 /* Project2_CloningInstagramHomePageApp.swift */; };
		20E7B35D2C25318A008531D8 /* ContentView.swift in Sources */ = {isa = PBXBuildFile; fileRef = 20E7B35C2C25318A008531D8 /* ContentView.swift */; };
		20E7B35F2C25318C008531D8 /* Assets.xcassets in Resources */ = {isa = PBXBuildFile; fileRef = 20E7B35E2C25318C008531D8 /* Assets.xcassets */; };
		20E7B3622C25318C008531D8 /* Preview Assets.xcassets in Resources */ = {isa = PBXBuildFile; fileRef = 20E7B3612C25318C008531D8 /* Preview Assets.xcassets */; };
		20E7B3692C2534FD008531D8 /* DemoStore.swift in Sources */ = {isa = PBXBuildFile; fileRef = 20E7B3682C2534FD008531D8 /* DemoStore.swift */; };
		20E7B36B2C253709008531D8 /* TitleView.swift in Sources */ = {isa = PBXBuildFile; fileRef = 20E7B36A2C253709008531D8 /* TitleView.swift */; };
		20E7B36D2C254CC8008531D8 /* StoryView.swift in Sources */ = {isa = PBXBuildFile; fileRef = 20E7B36C2C254CC8008531D8 /* StoryView.swift */; };
/* End PBXBuildFile section */

/* Begin PBXFileReference section */
		20A7F0E52C25B23800E3D8C5 /* PostView.swift */ = {isa = PBXFileReference; lastKnownFileType = sourcecode.swift; path = PostView.swift; sourceTree = "<group>"; };
		20A7F0E72C25BA8F00E3D8C5 /* NavbarView.swift */ = {isa = PBXFileReference; lastKnownFileType = sourcecode.swift; path = NavbarView.swift; sourceTree = "<group>"; };
		20E7B3572C25318A008531D8 /* Project2_CloningInstagramHomePage.app */ = {isa = PBXFileReference; explicitFileType = wrapper.application; includeInIndex = 0; path = Project2_CloningInstagramHomePage.app; sourceTree = BUILT_PRODUCTS_DIR; };
		20E7B35A2C25318A008531D8 /* Project2_CloningInstagramHomePageApp.swift */ = {isa = PBXFileReference; lastKnownFileType = sourcecode.swift; path = Project2_CloningInstagramHomePageApp.swift; sourceTree = "<group>"; };
		20E7B35C2C25318A008531D8 /* ContentView.swift */ = {isa = PBXFileReference; lastKnownFileType = sourcecode.swift; path = ContentView.swift; sourceTree = "<group>"; };
		20E7B35E2C25318C008531D8 /* Assets.xcassets */ = {isa = PBXFileReference; lastKnownFileType = folder.assetcatalog; path = Assets.xcassets; sourceTree = "<group>"; };
		20E7B3612C25318C008531D8 /* Preview Assets.xcassets */ = {isa = PBXFileReference; lastKnownFileType = folder.assetcatalog; path = "Preview Assets.xcassets"; sourceTree = "<group>"; };
		20E7B3682C2534FD008531D8 /* DemoStore.swift */ = {isa = PBXFileReference; lastKnownFileType = sourcecode.swift; path = DemoStore.swift; sourceTree = "<group>"; };
		20E7B36A2C253709008531D8 /* TitleView.swift */ = {isa = PBXFileReference; lastKnownFileType = sourcecode.swift; path = TitleView.swift; sourceTree = "<group>"; };
		20E7B36C2C254CC8008531D8 /* StoryView.swift */ = {isa = PBXFileReference; lastKnownFileType = sourcecode.swift; path = StoryView.swift; sourceTree = "<group>"; };
/* End PBXFileReference section */

/* Begin PBXFrameworksBuildPhase section */
		20E7B3542C25318A008531D8 /* Frameworks */ = {
			isa = PBXFrameworksBuildPhase;
			buildActionMask = 2147483647;
			files = (
			);
			runOnlyForDeploymentPostprocessing = 0;
		};
/* End PBXFrameworksBuildPhase section */

/* Begin PBXGroup section */
		20E7B34E2C25318A008531D8 = {
			isa = PBXGroup;
			children = (
				20E7B3592C25318A008531D8 /* Project2_CloningInstagramHomePage */,
				20E7B3582C25318A008531D8 /* Products */,
			);
			sourceTree = "<group>";
		};
		20E7B3582C25318A008531D8 /* Products */ = {
			isa = PBXGroup;
			children = (
				20E7B3572C25318A008531D8 /* Project2_CloningInstagramHomePage.app */,
			);
			name = Products;
			sourceTree = "<group>";
		};
		20E7B3592C25318A008531D8 /* Project2_CloningInstagramHomePage */ = {
			isa = PBXGroup;
			children = (
				20E7B35A2C25318A008531D8 /* Project2_CloningInstagramHomePageApp.swift */,
				20E7B35C2C25318A008531D8 /* ContentView.swift */,
				20A7F0E72C25BA8F00E3D8C5 /* NavbarView.swift */,
				20E7B3682C2534FD008531D8 /* DemoStore.swift */,
				20E7B36A2C253709008531D8 /* TitleView.swift */,
				20E7B36C2C254CC8008531D8 /* StoryView.swift */,
				20E7B35E2C25318C008531D8 /* Assets.xcassets */,
				20A7F0E52C25B23800E3D8C5 /* PostView.swift */,
				20E7B3602C25318C008531D8 /* Preview Content */,
			);
			path = Project2_CloningInstagramHomePage;
			sourceTree = "<group>";
		};
		20E7B3602C25318C008531D8 /* Preview Content */ = {
			isa = PBXGroup;
			children = (
				20E7B3612C25318C008531D8 /* Preview Assets.xcassets */,
			);
			path = "Preview Content";
			sourceTree = "<group>";
		};
/* End PBXGroup section */

/* Begin PBXNativeTarget section */
		20E7B3562C25318A008531D8 /* Project2_CloningInstagramHomePage */ = {
			isa = PBXNativeTarget;
			buildConfigurationList = 20E7B3652C25318C008531D8 /* Build configuration list for PBXNativeTarget "Project2_CloningInstagramHomePage" */;
			buildPhases = (
				20E7B3532C25318A008531D8 /* Sources */,
				20E7B3542C25318A008531D8 /* Frameworks */,
				20E7B3552C25318A008531D8 /* Resources */,
			);
			buildRules = (
			);
			dependencies = (
			);
			name = Project2_CloningInstagramHomePage;
			productName = Project2_CloningInstagramHomePage;
			productReference = 20E7B3572C25318A008531D8 /* Project2_CloningInstagramHomePage.app */;
			productType = "com.apple.product-type.application";
		};
/* End PBXNativeTarget section */

/* Begin PBXProject section */
		20E7B34F2C25318A008531D8 /* Project object */ = {
			isa = PBXProject;
			attributes = {
				BuildIndependentTargetsInParallel = 1;
				LastSwiftUpdateCheck = 1510;
				LastUpgradeCheck = 1510;
				TargetAttributes = {
					20E7B3562C25318A008531D8 = {
						CreatedOnToolsVersion = 15.1;
					};
				};
			};
			buildConfigurationList = 20E7B3522C25318A008531D8 /* Build configuration list for PBXProject "Project2_CloningInstagramHomePage" */;
			compatibilityVersion = "Xcode 14.0";
			developmentRegion = en;
			hasScannedForEncodings = 0;
			knownRegions = (
				en,
				Base,
			);
			mainGroup = 20E7B34E2C25318A008531D8;
			productRefGroup = 20E7B3582C25318A008531D8 /* Products */;
			projectDirPath = "";
			projectRoot = "";
			targets = (
				20E7B3562C25318A008531D8 /* Project2_CloningInstagramHomePage */,
			);
		};
/* End PBXProject section */

/* Begin PBXResourcesBuildPhase section */
		20E7B3552C25318A008531D8 /* Resources */ = {
			isa = PBXResourcesBuildPhase;
			buildActionMask = 2147483647;
			files = (
				20E7B3622C25318C008531D8 /* Preview Assets.xcassets in Resources */,
				20E7B35F2C25318C008531D8 /* Assets.xcassets in Resources */,
			);
			runOnlyForDeploymentPostprocessing = 0;
		};
/* End PBXResourcesBuildPhase section */

/* Begin PBXSourcesBuildPhase section */
		20E7B3532C25318A008531D8 /* Sources */ = {
			isa = PBXSourcesBuildPhase;
			buildActionMask = 2147483647;
			files = (
				20E7B36D2C254CC8008531D8 /* StoryView.swift in Sources */,
				20A7F0E82C25BA8F00E3D8C5 /* NavbarView.swift in Sources */,
				20E7B3692C2534FD008531D8 /* DemoStore.swift in Sources */,
				20E7B35D2C25318A008531D8 /* ContentView.swift in Sources */,
				20E7B35B2C25318A008531D8 /* Project2_CloningInstagramHomePageApp.swift in Sources */,
				20A7F0E62C25B23800E3D8C5 /* PostView.swift in Sources */,
				20E7B36B2C253709008531D8 /* TitleView.swift in Sources */,
			);
			runOnlyForDeploymentPostprocessing = 0;
		};
/* End PBXSourcesBuildPhase section */

/* Begin XCBuildConfiguration section */
		20E7B3632C25318C008531D8 /* Debug */ = {
			isa = XCBuildConfiguration;
			buildSettings = {
				ALWAYS_SEARCH_USER_PATHS = NO;
				ASSETCATALOG_COMPILER_GENERATE_SWIFT_ASSET_SYMBOL_EXTENSIONS = YES;
				CLANG_ANALYZER_NONNULL = YES;
				CLANG_ANALYZER_NUMBER_OBJECT_CONVERSION = YES_AGGRESSIVE;
				CLANG_CXX_LANGUAGE_STANDARD = "gnu++20";
				CLANG_ENABLE_MODULES = YES;
				CLANG_ENABLE_OBJC_ARC = YES;
				CLANG_ENABLE_OBJC_WEAK = YES;
				CLANG_WARN_BLOCK_CAPTURE_AUTORELEASING = YES;
				CLANG_WARN_BOOL_CONVERSION = YES;
				CLANG_WARN_COMMA = YES;
				CLANG_WARN_CONSTANT_CONVERSION = YES;
				CLANG_WARN_DEPRECATED_OBJC_IMPLEMENTATIONS = YES;
				CLANG_WARN_DIRECT_OBJC_ISA_USAGE = YES_ERROR;
				CLANG_WARN_DOCUMENTATION_COMMENTS = YES;
				CLANG_WARN_EMPTY_BODY = YES;
				CLANG_WARN_ENUM_CONVERSION = YES;
				CLANG_WARN_INFINITE_RECURSION = YES;
				CLANG_WARN_INT_CONVERSION = YES;
				CLANG_WARN_NON_LITERAL_NULL_CONVERSION = YES;
				CLANG_WARN_OBJC_IMPLICIT_RETAIN_SELF = YES;
				CLANG_WARN_OBJC_LITERAL_CONVERSION = YES;
				CLANG_WARN_OBJC_ROOT_CLASS = YES_ERROR;
				CLANG_WARN_QUOTED_INCLUDE_IN_FRAMEWORK_HEADER = YES;
				CLANG_WARN_RANGE_LOOP_ANALYSIS = YES;
				CLANG_WARN_STRICT_PROTOTYPES = YES;
				CLANG_WARN_SUSPICIOUS_MOVE = YES;
				CLANG_WARN_UNGUARDED_AVAILABILITY = YES_AGGRESSIVE;
				CLANG_WARN_UNREACHABLE_CODE = YES;
				CLANG_WARN__DUPLICATE_METHOD_MATCH = YES;
				COPY_PHASE_STRIP = NO;
				DEBUG_INFORMATION_FORMAT = dwarf;
				ENABLE_STRICT_OBJC_MSGSEND = YES;
				ENABLE_TESTABILITY = YES;
				ENABLE_USER_SCRIPT_SANDBOXING = YES;
				GCC_C_LANGUAGE_STANDARD = gnu17;
				GCC_DYNAMIC_NO_PIC = NO;
				GCC_NO_COMMON_BLOCKS = YES;
				GCC_OPTIMIZATION_LEVEL = 0;
				GCC_PREPROCESSOR_DEFINITIONS = (
					"DEBUG=1",
					"$(inherited)",
				);
				GCC_WARN_64_TO_32_BIT_CONVERSION = YES;
				GCC_WARN_ABOUT_RETURN_TYPE = YES_ERROR;
				GCC_WARN_UNDECLARED_SELECTOR = YES;
				GCC_WARN_UNINITIALIZED_AUTOS = YES_AGGRESSIVE;
				GCC_WARN_UNUSED_FUNCTION = YES;
				GCC_WARN_UNUSED_VARIABLE = YES;
				IPHONEOS_DEPLOYMENT_TARGET = 17.2;
				LOCALIZATION_PREFERS_STRING_CATALOGS = YES;
				MTL_ENABLE_DEBUG_INFO = INCLUDE_SOURCE;
				MTL_FAST_MATH = YES;
				ONLY_ACTIVE_ARCH = YES;
				SDKROOT = iphoneos;
				SWIFT_ACTIVE_COMPILATION_CONDITIONS = "DEBUG $(inherited)";
				SWIFT_OPTIMIZATION_LEVEL = "-Onone";
			};
			name = Debug;
		};
		20E7B3642C25318C008531D8 /* Release */ = {
			isa = XCBuildConfiguration;
			buildSettings = {
				ALWAYS_SEARCH_USER_PATHS = NO;
				ASSETCATALOG_COMPILER_GENERATE_SWIFT_ASSET_SYMBOL_EXTENSIONS = YES;
				CLANG_ANALYZER_NONNULL = YES;
				CLANG_ANALYZER_NUMBER_OBJECT_CONVERSION = YES_AGGRESSIVE;
				CLANG_CXX_LANGUAGE_STANDARD = "gnu++20";
				CLANG_ENABLE_MODULES = YES;
				CLANG_ENABLE_OBJC_ARC = YES;
				CLANG_ENABLE_OBJC_WEAK = YES;
				CLANG_WARN_BLOCK_CAPTURE_AUTORELEASING = YES;
				CLANG_WARN_BOOL_CONVERSION = YES;
				CLANG_WARN_COMMA = YES;
				CLANG_WARN_CONSTANT_CONVERSION = YES;
				CLANG_WARN_DEPRECATED_OBJC_IMPLEMENTATIONS = YES;
				CLANG_WARN_DIRECT_OBJC_ISA_USAGE = YES_ERROR;
				CLANG_WARN_DOCUMENTATION_COMMENTS = YES;
				CLANG_WARN_EMPTY_BODY = YES;
				CLANG_WARN_ENUM_CONVERSION = YES;
				CLANG_WARN_INFINITE_RECURSION = YES;
				CLANG_WARN_INT_CONVERSION = YES;
				CLANG_WARN_NON_LITERAL_NULL_CONVERSION = YES;
				CLANG_WARN_OBJC_IMPLICIT_RETAIN_SELF = YES;
				CLANG_WARN_OBJC_LITERAL_CONVERSION = YES;
				CLANG_WARN_OBJC_ROOT_CLASS = YES_ERROR;
				CLANG_WARN_QUOTED_INCLUDE_IN_FRAMEWORK_HEADER = YES;
				CLANG_WARN_RANGE_LOOP_ANALYSIS = YES;
				CLANG_WARN_STRICT_PROTOTYPES = YES;
				CLANG_WARN_SUSPICIOUS_MOVE = YES;
				CLANG_WARN_UNGUARDED_AVAILABILITY = YES_AGGRESSIVE;
				CLANG_WARN_UNREACHABLE_CODE = YES;
				CLANG_WARN__DUPLICATE_METHOD_MATCH = YES;
				COPY_PHASE_STRIP = NO;
				DEBUG_INFORMATION_FORMAT = "dwarf-with-dsym";
				ENABLE_NS_ASSERTIONS = NO;
				ENABLE_STRICT_OBJC_MSGSEND = YES;
				ENABLE_USER_SCRIPT_SANDBOXING = YES;
				GCC_C_LANGUAGE_STANDARD = gnu17;
				GCC_NO_COMMON_BLOCKS = YES;
				GCC_WARN_64_TO_32_BIT_CONVERSION = YES;
				GCC_WARN_ABOUT_RETURN_TYPE = YES_ERROR;
				GCC_WARN_UNDECLARED_SELECTOR = YES;
				GCC_WARN_UNINITIALIZED_AUTOS = YES_AGGRESSIVE;
				GCC_WARN_UNUSED_FUNCTION = YES;
				GCC_WARN_UNUSED_VARIABLE = YES;
				IPHONEOS_DEPLOYMENT_TARGET = 17.2;
				LOCALIZATION_PREFERS_STRING_CATALOGS = YES;
				MTL_ENABLE_DEBUG_INFO = NO;
				MTL_FAST_MATH = YES;
				SDKROOT = iphoneos;
				SWIFT_COMPILATION_MODE = wholemodule;
				VALIDATE_PRODUCT = YES;
			};
			name = Release;
		};
		20E7B3662C25318C008531D8 /* Debug */ = {
			isa = XCBuildConfiguration;
			buildSettings = {
				ASSETCATALOG_COMPILER_APPICON_NAME = AppIcon;
				ASSETCATALOG_COMPILER_GLOBAL_ACCENT_COLOR_NAME = AccentColor;
				CODE_SIGN_STYLE = Automatic;
				CURRENT_PROJECT_VERSION = 1;
				DEVELOPMENT_ASSET_PATHS = "\"Project2_CloningInstagramHomePage/Preview Content\"";
				DEVELOPMENT_TEAM = 5UV6NG6NND;
				ENABLE_PREVIEWS = YES;
				GENERATE_INFOPLIST_FILE = YES;
				INFOPLIST_KEY_UIApplicationSceneManifest_Generation = YES;
				INFOPLIST_KEY_UIApplicationSupportsIndirectInputEvents = YES;
				INFOPLIST_KEY_UILaunchScreen_Generation = YES;
				INFOPLIST_KEY_UISupportedInterfaceOrientations_iPad = "UIInterfaceOrientationPortrait UIInterfaceOrientationPortraitUpsideDown UIInterfaceOrientationLandscapeLeft UIInterfaceOrientationLandscapeRight";
				INFOPLIST_KEY_UISupportedInterfaceOrientations_iPhone = "UIInterfaceOrientationPortrait UIInterfaceOrientationLandscapeLeft UIInterfaceOrientationLandscapeRight";
				LD_RUNPATH_SEARCH_PATHS = (
					"$(inherited)",
					"@executable_path/Frameworks",
				);
				MARKETING_VERSION = 1.0;
				PRODUCT_BUNDLE_IDENTIFIER = "itzKv.Project2-CloningInstagramHomePage";
				PRODUCT_NAME = "$(TARGET_NAME)";
				SWIFT_EMIT_LOC_STRINGS = YES;
				SWIFT_VERSION = 5.0;
				TARGETED_DEVICE_FAMILY = "1,2";
			};
			name = Debug;
		};
		20E7B3672C25318C008531D8 /* Release */ = {
			isa = XCBuildConfiguration;
			buildSettings = {
				ASSETCATALOG_COMPILER_APPICON_NAME = AppIcon;
				ASSETCATALOG_COMPILER_GLOBAL_ACCENT_COLOR_NAME = AccentColor;
				CODE_SIGN_STYLE = Automatic;
				CURRENT_PROJECT_VERSION = 1;
				DEVELOPMENT_ASSET_PATHS = "\"Project2_CloningInstagramHomePage/Preview Content\"";
				DEVELOPMENT_TEAM = 5UV6NG6NND;
				ENABLE_PREVIEWS = YES;
				GENERATE_INFOPLIST_FILE = YES;
				INFOPLIST_KEY_UIApplicationSceneManifest_Generation = YES;
				INFOPLIST_KEY_UIApplicationSupportsIndirectInputEvents = YES;
				INFOPLIST_KEY_UILaunchScreen_Generation = YES;
				INFOPLIST_KEY_UISupportedInterfaceOrientations_iPad = "UIInterfaceOrientationPortrait UIInterfaceOrientationPortraitUpsideDown UIInterfaceOrientationLandscapeLeft UIInterfaceOrientationLandscapeRight";
				INFOPLIST_KEY_UISupportedInterfaceOrientations_iPhone = "UIInterfaceOrientationPortrait UIInterfaceOrientationLandscapeLeft UIInterfaceOrientationLandscapeRight";
				LD_RUNPATH_SEARCH_PATHS = (
					"$(inherited)",
					"@executable_path/Frameworks",
				);
				MARKETING_VERSION = 1.0;
				PRODUCT_BUNDLE_IDENTIFIER = "itzKv.Project2-CloningInstagramHomePage";
				PRODUCT_NAME = "$(TARGET_NAME)";
				SWIFT_EMIT_LOC_STRINGS = YES;
				SWIFT_VERSION = 5.0;
				TARGETED_DEVICE_FAMILY = "1,2";
			};
			name = Release;
		};
/* End XCBuildConfiguration section */

/* Begin XCConfigurationList section */
		20E7B3522C25318A008531D8 /* Build configuration list for PBXProject "Project2_CloningInstagramHomePage" */ = {
			isa = XCConfigurationList;
			buildConfigurations = (
				20E7B3632C25318C008531D8 /* Debug */,
				20E7B3642C25318C008531D8 /* Release */,
			);
			defaultConfigurationIsVisible = 0;
			defaultConfigurationName = Release;
		};
		20E7B3652C25318C008531D8 /* Build configuration list for PBXNativeTarget "Project2_CloningInstagramHomePage" */ = {
			isa = XCConfigurationList;
			buildConfigurations = (
				20E7B3662C25318C008531D8 /* Debug */,
				20E7B3672C25318C008531D8 /* Release */,
			);
			defaultConfigurationIsVisible = 0;
			defaultConfigurationName = Release;
		};
/* End XCConfigurationList section */
	};
	rootObject = 20E7B34F2C25318A008531D8 /* Project object */;
}
